
Microsoft Visual Studio Solution File, Format Version 12.00
# Visual Studio Version 17
VisualStudioVersion = 17.12.35527.113
MinimumVisualStudioVersion = 10.0.40219.1
Project("{FAE04EC0-301F-11D3-BF4B-00C04F79EFBC}") = "InfoDengueAPP.API", "InfoDengueAPP.API\InfoDengueAPP.API.csproj", "{53EE741A-79BE-4407-8750-617218626840}"
EndProject
Project("{FAE04EC0-301F-11D3-BF4B-00C04F79EFBC}") = "InfoDengueAPP.Domain", "InfoDengueAPP.Domain\InfoDengueAPP.Domain.csproj", "{74EE8215-20C9-4C7F-9428-B09D9E4D2B4F}"
EndProject
Project("{2150E333-8FDC-42A3-9474-1A3956D46DE8}") = "1 - APPLICATION", "1 - APPLICATION", "{C4C1CE48-4502-422D-81D0-0BCB566A2349}"
EndProject
Project("{2150E333-8FDC-42A3-9474-1A3956D46DE8}") = "2 - DOMAIN", "2 - DOMAIN", "{09717EFC-8EEB-4504-B67E-421114B33A66}"
EndProject
Project("{2150E333-8FDC-42A3-9474-1A3956D46DE8}") = "3 - INFRASTRUCTURE", "3 - INFRASTRUCTURE", "{0941987B-0C93-4298-BD82-D2040C8EA67B}"
EndProject
Project("{FAE04EC0-301F-11D3-BF4B-00C04F79EFBC}") = "InfoDengueAPP.INFRASTRUCTURE", "InfoDengueAPP.INFRA.DATA\InfoDengueAPP.INFRASTRUCTURE.csproj", "{6C2A6031-A350-4F94-9D1F-59DAC19A5A44}"
EndProject
Project("{2150E333-8FDC-42A3-9474-1A3956D46DE8}") = "4 - SERVICES", "4 - SERVICES", "{1FDAE267-082C-40DE-B409-7C7C00D12F84}"
EndProject
Project("{2150E333-8FDC-42A3-9474-1A3956D46DE8}") = "5- TESTS", "5- TESTS", "{D6A85F7E-15C9-4F45-B067-F744DF686BF9}"
EndProject
Project("{FAE04EC0-301F-11D3-BF4B-00C04F79EFBC}") = "InfoDengueAPP.SERVICES", "InfoDengueAPP.SERVICES\InfoDengueAPP.SERVICES.csproj", "{DD7D5DD4-484C-4C1E-A558-226BE074E25F}"
EndProject
Project("{FAE04EC0-301F-11D3-BF4B-00C04F79EFBC}") = "InfoDengueAPP.Test", "InfoDengueAPP.Test\InfoDengueAPP.Test.csproj", "{F7BF4541-2769-49AA-94BA-506C39F0407A}"
EndProject
Project("{2150E333-8FDC-42A3-9474-1A3956D46DE8}") = "6 - EXTRAS", "6 - EXTRAS", "{FD475F95-66EA-463D-9B2D-AE0AB3AE9D35}"
	ProjectSection(SolutionItems) = preProject
		CreateDatabase.sql = CreateDatabase.sql
	EndProjectSection
EndProject
Global
	GlobalSection(SolutionConfigurationPlatforms) = preSolution
		Debug|Any CPU = Debug|Any CPU
		Release|Any CPU = Release|Any CPU
	EndGlobalSection
	GlobalSection(ProjectConfigurationPlatforms) = postSolution
		{53EE741A-79BE-4407-8750-617218626840}.Debug|Any CPU.ActiveCfg = Debug|Any CPU
		{53EE741A-79BE-4407-8750-617218626840}.Debug|Any CPU.Build.0 = Debug|Any CPU
		{53EE741A-79BE-4407-8750-617218626840}.Release|Any CPU.ActiveCfg = Release|Any CPU
		{53EE741A-79BE-4407-8750-617218626840}.Release|Any CPU.Build.0 = Release|Any CPU
		{74EE8215-20C9-4C7F-9428-B09D9E4D2B4F}.Debug|Any CPU.ActiveCfg = Debug|Any CPU
		{74EE8215-20C9-4C7F-9428-B09D9E4D2B4F}.Debug|Any CPU.Build.0 = Debug|Any CPU
		{74EE8215-20C9-4C7F-9428-B09D9E4D2B4F}.Release|Any CPU.ActiveCfg = Release|Any CPU
		{74EE8215-20C9-4C7F-9428-B09D9E4D2B4F}.Release|Any CPU.Build.0 = Release|Any CPU
		{6C2A6031-A350-4F94-9D1F-59DAC19A5A44}.Debug|Any CPU.ActiveCfg = Debug|Any CPU
		{6C2A6031-A350-4F94-9D1F-59DAC19A5A44}.Debug|Any CPU.Build.0 = Debug|Any CPU
		{6C2A6031-A350-4F94-9D1F-59DAC19A5A44}.Release|Any CPU.ActiveCfg = Release|Any CPU
		{6C2A6031-A350-4F94-9D1F-59DAC19A5A44}.Release|Any CPU.Build.0 = Release|Any CPU
		{DD7D5DD4-484C-4C1E-A558-226BE074E25F}.Debug|Any CPU.ActiveCfg = Debug|Any CPU
		{DD7D5DD4-484C-4C1E-A558-226BE074E25F}.Debug|Any CPU.Build.0 = Debug|Any CPU
		{DD7D5DD4-484C-4C1E-A558-226BE074E25F}.Release|Any CPU.ActiveCfg = Release|Any CPU
		{DD7D5DD4-484C-4C1E-A558-226BE074E25F}.Release|Any CPU.Build.0 = Release|Any CPU
		{F7BF4541-2769-49AA-94BA-506C39F0407A}.Debug|Any CPU.ActiveCfg = Debug|Any CPU
		{F7BF4541-2769-49AA-94BA-506C39F0407A}.Debug|Any CPU.Build.0 = Debug|Any CPU
		{F7BF4541-2769-49AA-94BA-506C39F0407A}.Release|Any CPU.ActiveCfg = Release|Any CPU
		{F7BF4541-2769-49AA-94BA-506C39F0407A}.Release|Any CPU.Build.0 = Release|Any CPU
	EndGlobalSection
	GlobalSection(SolutionProperties) = preSolution
		HideSolutionNode = FALSE
	EndGlobalSection
	GlobalSection(NestedProjects) = preSolution
		{53EE741A-79BE-4407-8750-617218626840} = {C4C1CE48-4502-422D-81D0-0BCB566A2349}
		{74EE8215-20C9-4C7F-9428-B09D9E4D2B4F} = {09717EFC-8EEB-4504-B67E-421114B33A66}
		{6C2A6031-A350-4F94-9D1F-59DAC19A5A44} = {0941987B-0C93-4298-BD82-D2040C8EA67B}
		{DD7D5DD4-484C-4C1E-A558-226BE074E25F} = {1FDAE267-082C-40DE-B409-7C7C00D12F84}
		{F7BF4541-2769-49AA-94BA-506C39F0407A} = {D6A85F7E-15C9-4F45-B067-F744DF686BF9}
	EndGlobalSection
EndGlobal
